
Microsoft Visual Studio Solution File, Format Version 12.00
# Visual Studio Version 16
VisualStudioVersion = 16.0.30517.126
MinimumVisualStudioVersion = 10.0.40219.1
Project("{FAE04EC0-301F-11D3-BF4B-00C04F79EFBC}") = "WebApplication1", "WebApplication1.csproj", "{B6B0E7C8-8711-4377-9842-14034AFD2130}"
EndProject
Global
	GlobalSection(SolutionConfigurationPlatforms) = preSolution
		Debug|Any CPU = Debug|Any CPU
		Release|Any CPU = Release|Any CPU
	EndGlobalSection
	GlobalSection(ProjectConfigurationPlatforms) = postSolution
		{B6B0E7C8-8711-4377-9842-14034AFD2130}.Debug|Any CPU.ActiveCfg = Debug|Any CPU
		{B6B0E7C8-8711-4377-9842-14034AFD2130}.Debug|Any CPU.Build.0 = Debug|Any CPU
		{B6B0E7C8-8711-4377-9842-14034AFD2130}.Release|Any CPU.ActiveCfg = Release|Any CPU
		{B6B0E7C8-8711-4377-9842-14034AFD2130}.Release|Any CPU.Build.0 = Release|Any CPU
	EndGlobalSection
	GlobalSection(SolutionProperties) = preSolution
		HideSolutionNode = FALSE
	EndGlobalSection
	GlobalSection(ExtensibilityGlobals) = postSolution
		SolutionGuid = {DF746169-A359-4ABE-B0BF-905676F1CA68}
	EndGlobalSection
EndGlobal
